
Microsoft Visual Studio Solution File, Format Version 12.00
# Visual Studio Version 17
VisualStudioVersion = 17.1.32328.378
MinimumVisualStudioVersion = 10.0.40219.1
Project("{9A19103F-16F7-4668-BE54-9A1E7A4F7556}") = "CarbineExotics", "CarbineExotics\CarbineExotics.csproj", "{45A71015-C17F-4DA5-A547-9C87E40C0B0F}"
EndProject
Project("{E24C65DC-7377-472B-9ABA-BC803B73C61A}") = "CarbineAPI_FrontEnd", "CarbineAPI_FrontEnd\", "{B8B1425D-A8E6-4C16-B06A-96D1D7178225}"
	ProjectSection(WebsiteProperties) = preProject
		TargetFrameworkMoniker = ".NETFramework,Version%3Dv4.0"
		Debug.AspNetCompiler.VirtualPath = "/localhost_55527"
		Debug.AspNetCompiler.PhysicalPath = "CarbineAPI_FrontEnd\"
		Debug.AspNetCompiler.TargetPath = "PrecompiledWeb\localhost_55527\"
		Debug.AspNetCompiler.Updateable = "true"
		Debug.AspNetCompiler.ForceOverwrite = "true"
		Debug.AspNetCompiler.FixedNames = "false"
		Debug.AspNetCompiler.Debug = "True"
		Release.AspNetCompiler.VirtualPath = "/localhost_55527"
		Release.AspNetCompiler.PhysicalPath = "CarbineAPI_FrontEnd\"
		Release.AspNetCompiler.TargetPath = "PrecompiledWeb\localhost_55527\"
		Release.AspNetCompiler.Updateable = "true"
		Release.AspNetCompiler.ForceOverwrite = "true"
		Release.AspNetCompiler.FixedNames = "false"
		Release.AspNetCompiler.Debug = "False"
		VWDPort = "55527"
		SlnRelativePath = "CarbineAPI_FrontEnd\"
	EndProjectSection
EndProject
Global
	GlobalSection(SolutionConfigurationPlatforms) = preSolution
		Debug|Any CPU = Debug|Any CPU
		Release|Any CPU = Release|Any CPU
	EndGlobalSection
	GlobalSection(ProjectConfigurationPlatforms) = postSolution
		{45A71015-C17F-4DA5-A547-9C87E40C0B0F}.Debug|Any CPU.ActiveCfg = Debug|Any CPU
		{45A71015-C17F-4DA5-A547-9C87E40C0B0F}.Debug|Any CPU.Build.0 = Debug|Any CPU
		{45A71015-C17F-4DA5-A547-9C87E40C0B0F}.Release|Any CPU.ActiveCfg = Release|Any CPU
		{45A71015-C17F-4DA5-A547-9C87E40C0B0F}.Release|Any CPU.Build.0 = Release|Any CPU
		{B8B1425D-A8E6-4C16-B06A-96D1D7178225}.Debug|Any CPU.ActiveCfg = Debug|Any CPU
		{B8B1425D-A8E6-4C16-B06A-96D1D7178225}.Debug|Any CPU.Build.0 = Debug|Any CPU
		{B8B1425D-A8E6-4C16-B06A-96D1D7178225}.Release|Any CPU.ActiveCfg = Debug|Any CPU
		{B8B1425D-A8E6-4C16-B06A-96D1D7178225}.Release|Any CPU.Build.0 = Debug|Any CPU
	EndGlobalSection
	GlobalSection(SolutionProperties) = preSolution
		HideSolutionNode = FALSE
	EndGlobalSection
	GlobalSection(ExtensibilityGlobals) = postSolution
		SolutionGuid = {6F242092-ED98-45B7-8421-0F44A8D9F11F}
	EndGlobalSection
EndGlobal
