
Microsoft Visual Studio Solution File, Format Version 12.00
# Visual Studio Version 17
VisualStudioVersion = 17.1.32328.378
MinimumVisualStudioVersion = 10.0.40219.1
Project("{9A19103F-16F7-4668-BE54-9A1E7A4F7556}") = "CarbineExotics", "CarbineExotics\CarbineExotics.csproj", "{45A71015-C17F-4DA5-A547-9C87E40C0B0F}"
EndProject
Project("{E24C65DC-7377-472B-9ABA-BC803B73C61A}") = "CarbinExoticsUI", "CarbinExoticsUI\", "{A3F3C0B1-E31A-4DE2-B796-2F2CFF3D5793}"
	ProjectSection(WebsiteProperties) = preProject
		TargetFrameworkMoniker = ".NETFramework,Version%3Dv4.5"
		Debug.AspNetCompiler.VirtualPath = "/localhost_55839"
		Debug.AspNetCompiler.PhysicalPath = "CarbinExoticsUI\"
		Debug.AspNetCompiler.TargetPath = "PrecompiledWeb\localhost_55839\"
		Debug.AspNetCompiler.Updateable = "true"
		Debug.AspNetCompiler.ForceOverwrite = "true"
		Debug.AspNetCompiler.FixedNames = "false"
		Debug.AspNetCompiler.Debug = "True"
		Release.AspNetCompiler.VirtualPath = "/localhost_55839"
		Release.AspNetCompiler.PhysicalPath = "CarbinExoticsUI\"
		Release.AspNetCompiler.TargetPath = "PrecompiledWeb\localhost_55839\"
		Release.AspNetCompiler.Updateable = "true"
		Release.AspNetCompiler.ForceOverwrite = "true"
		Release.AspNetCompiler.FixedNames = "false"
		Release.AspNetCompiler.Debug = "False"
		VWDPort = "55839"
		SlnRelativePath = "CarbinExoticsUI\"
	EndProjectSection
EndProject
Global
	GlobalSection(SolutionConfigurationPlatforms) = preSolution
		Debug|Any CPU = Debug|Any CPU
		Release|Any CPU = Release|Any CPU
	EndGlobalSection
	GlobalSection(ProjectConfigurationPlatforms) = postSolution
		{45A71015-C17F-4DA5-A547-9C87E40C0B0F}.Debug|Any CPU.ActiveCfg = Debug|Any CPU
		{45A71015-C17F-4DA5-A547-9C87E40C0B0F}.Debug|Any CPU.Build.0 = Debug|Any CPU
		{45A71015-C17F-4DA5-A547-9C87E40C0B0F}.Release|Any CPU.ActiveCfg = Release|Any CPU
		{45A71015-C17F-4DA5-A547-9C87E40C0B0F}.Release|Any CPU.Build.0 = Release|Any CPU
		{A3F3C0B1-E31A-4DE2-B796-2F2CFF3D5793}.Debug|Any CPU.ActiveCfg = Debug|Any CPU
		{A3F3C0B1-E31A-4DE2-B796-2F2CFF3D5793}.Debug|Any CPU.Build.0 = Debug|Any CPU
		{A3F3C0B1-E31A-4DE2-B796-2F2CFF3D5793}.Release|Any CPU.ActiveCfg = Debug|Any CPU
		{A3F3C0B1-E31A-4DE2-B796-2F2CFF3D5793}.Release|Any CPU.Build.0 = Debug|Any CPU
	EndGlobalSection
	GlobalSection(SolutionProperties) = preSolution
		HideSolutionNode = FALSE
	EndGlobalSection
	GlobalSection(ExtensibilityGlobals) = postSolution
		SolutionGuid = {6F242092-ED98-45B7-8421-0F44A8D9F11F}
	EndGlobalSection
EndGlobal
